
Microsoft Visual Studio Solution File, Format Version 12.00
# Visual Studio 15
VisualStudioVersion = 15.0.28307.572
MinimumVisualStudioVersion = 10.0.40219.1
Project("{FAE04EC0-301F-11D3-BF4B-00C04F79EFBC}") = "Utilidades", "Utilidades\Utilidades.csproj", "{2F2D8F10-CE24-4D7A-A02A-68EE8AC6BD09}"
EndProject
Project("{2150E333-8FDC-42A3-9474-1A3956D46DE8}") = "DAL", "DAL", "{E78A4555-342B-4BD9-AF37-D824A6142DF3}"
EndProject
Project("{2150E333-8FDC-42A3-9474-1A3956D46DE8}") = "WEB", "WEB", "{A9A1B8D7-A055-4AA1-A193-C14CBB6F7BD3}"
EndProject
Project("{2150E333-8FDC-42A3-9474-1A3956D46DE8}") = "BLL", "BLL", "{C3D4B555-1A3A-4305-9A05-00D4826F650A}"
EndProject
Project("{FAE04EC0-301F-11D3-BF4B-00C04F79EFBC}") = "utilidades.DAL", "utilidades.DAL\utilidades.DAL.csproj", "{62EB32A1-B661-48C0-A07F-64BC37F1B6BB}"
EndProject
Project("{2150E333-8FDC-42A3-9474-1A3956D46DE8}") = "Infraestructura", "Infraestructura", "{2B9E6853-17E4-4438-986A-E3F5B841960F}"
EndProject
Project("{FAE04EC0-301F-11D3-BF4B-00C04F79EFBC}") = "Infraestructura.recursos", "Infraestructura.recursos\Infraestructura.recursos.csproj", "{D9865873-1804-4860-9A3D-DE243E9EF7F9}"
EndProject
Project("{FAE04EC0-301F-11D3-BF4B-00C04F79EFBC}") = "utilidades.DAL.comun", "utilidades.DAL.comun\utilidades.DAL.comun.csproj", "{23339E60-7490-4A31-BFD8-D32A738EFF0A}"
EndProject
Project("{FAE04EC0-301F-11D3-BF4B-00C04F79EFBC}") = "Utilidades.seguridad", "Utilidades.seguridad\Utilidades.seguridad.csproj", "{68478DAF-9209-4358-8A6F-2E4D11B4D4F5}"
EndProject
Project("{FAE04EC0-301F-11D3-BF4B-00C04F79EFBC}") = "utilidades.BLL", "utilidades.BLL\utilidades.BLL.csproj", "{18370B0A-FE9A-4195-9BBB-C1E5A369B7EC}"
EndProject
Project("{FAE04EC0-301F-11D3-BF4B-00C04F79EFBC}") = "Infraestructura.comun", "Infraestructura.comun\Infraestructura.comun.csproj", "{B38C4FBE-F279-46DD-AAFB-B65690BE63FA}"
EndProject
Global
	GlobalSection(SolutionConfigurationPlatforms) = preSolution
		Debug|Any CPU = Debug|Any CPU
		Release|Any CPU = Release|Any CPU
	EndGlobalSection
	GlobalSection(ProjectConfigurationPlatforms) = postSolution
		{2F2D8F10-CE24-4D7A-A02A-68EE8AC6BD09}.Debug|Any CPU.ActiveCfg = Debug|Any CPU
		{2F2D8F10-CE24-4D7A-A02A-68EE8AC6BD09}.Debug|Any CPU.Build.0 = Debug|Any CPU
		{2F2D8F10-CE24-4D7A-A02A-68EE8AC6BD09}.Release|Any CPU.ActiveCfg = Release|Any CPU
		{2F2D8F10-CE24-4D7A-A02A-68EE8AC6BD09}.Release|Any CPU.Build.0 = Release|Any CPU
		{62EB32A1-B661-48C0-A07F-64BC37F1B6BB}.Debug|Any CPU.ActiveCfg = Debug|Any CPU
		{62EB32A1-B661-48C0-A07F-64BC37F1B6BB}.Debug|Any CPU.Build.0 = Debug|Any CPU
		{62EB32A1-B661-48C0-A07F-64BC37F1B6BB}.Release|Any CPU.ActiveCfg = Release|Any CPU
		{62EB32A1-B661-48C0-A07F-64BC37F1B6BB}.Release|Any CPU.Build.0 = Release|Any CPU
		{D9865873-1804-4860-9A3D-DE243E9EF7F9}.Debug|Any CPU.ActiveCfg = Debug|Any CPU
		{D9865873-1804-4860-9A3D-DE243E9EF7F9}.Debug|Any CPU.Build.0 = Debug|Any CPU
		{D9865873-1804-4860-9A3D-DE243E9EF7F9}.Release|Any CPU.ActiveCfg = Release|Any CPU
		{D9865873-1804-4860-9A3D-DE243E9EF7F9}.Release|Any CPU.Build.0 = Release|Any CPU
		{23339E60-7490-4A31-BFD8-D32A738EFF0A}.Debug|Any CPU.ActiveCfg = Debug|Any CPU
		{23339E60-7490-4A31-BFD8-D32A738EFF0A}.Debug|Any CPU.Build.0 = Debug|Any CPU
		{23339E60-7490-4A31-BFD8-D32A738EFF0A}.Release|Any CPU.ActiveCfg = Release|Any CPU
		{23339E60-7490-4A31-BFD8-D32A738EFF0A}.Release|Any CPU.Build.0 = Release|Any CPU
		{68478DAF-9209-4358-8A6F-2E4D11B4D4F5}.Debug|Any CPU.ActiveCfg = Debug|Any CPU
		{68478DAF-9209-4358-8A6F-2E4D11B4D4F5}.Debug|Any CPU.Build.0 = Debug|Any CPU
		{68478DAF-9209-4358-8A6F-2E4D11B4D4F5}.Release|Any CPU.ActiveCfg = Release|Any CPU
		{68478DAF-9209-4358-8A6F-2E4D11B4D4F5}.Release|Any CPU.Build.0 = Release|Any CPU
		{18370B0A-FE9A-4195-9BBB-C1E5A369B7EC}.Debug|Any CPU.ActiveCfg = Debug|Any CPU
		{18370B0A-FE9A-4195-9BBB-C1E5A369B7EC}.Debug|Any CPU.Build.0 = Debug|Any CPU
		{18370B0A-FE9A-4195-9BBB-C1E5A369B7EC}.Release|Any CPU.ActiveCfg = Release|Any CPU
		{18370B0A-FE9A-4195-9BBB-C1E5A369B7EC}.Release|Any CPU.Build.0 = Release|Any CPU
		{B38C4FBE-F279-46DD-AAFB-B65690BE63FA}.Debug|Any CPU.ActiveCfg = Debug|Any CPU
		{B38C4FBE-F279-46DD-AAFB-B65690BE63FA}.Debug|Any CPU.Build.0 = Debug|Any CPU
		{B38C4FBE-F279-46DD-AAFB-B65690BE63FA}.Release|Any CPU.ActiveCfg = Release|Any CPU
		{B38C4FBE-F279-46DD-AAFB-B65690BE63FA}.Release|Any CPU.Build.0 = Release|Any CPU
	EndGlobalSection
	GlobalSection(SolutionProperties) = preSolution
		HideSolutionNode = FALSE
	EndGlobalSection
	GlobalSection(NestedProjects) = preSolution
		{2F2D8F10-CE24-4D7A-A02A-68EE8AC6BD09} = {A9A1B8D7-A055-4AA1-A193-C14CBB6F7BD3}
		{62EB32A1-B661-48C0-A07F-64BC37F1B6BB} = {E78A4555-342B-4BD9-AF37-D824A6142DF3}
		{D9865873-1804-4860-9A3D-DE243E9EF7F9} = {2B9E6853-17E4-4438-986A-E3F5B841960F}
		{23339E60-7490-4A31-BFD8-D32A738EFF0A} = {E78A4555-342B-4BD9-AF37-D824A6142DF3}
		{68478DAF-9209-4358-8A6F-2E4D11B4D4F5} = {2B9E6853-17E4-4438-986A-E3F5B841960F}
		{18370B0A-FE9A-4195-9BBB-C1E5A369B7EC} = {C3D4B555-1A3A-4305-9A05-00D4826F650A}
		{B38C4FBE-F279-46DD-AAFB-B65690BE63FA} = {2B9E6853-17E4-4438-986A-E3F5B841960F}
	EndGlobalSection
	GlobalSection(ExtensibilityGlobals) = postSolution
		SolutionGuid = {F2FCD685-7475-425E-B515-376B4A353096}
	EndGlobalSection
EndGlobal
